
Microsoft Visual Studio Solution File, Format Version 12.00
# Visual Studio Version 16
VisualStudioVersion = 16.0.30406.217
MinimumVisualStudioVersion = 10.0.40219.1
Project("{FAE04EC0-301F-11D3-BF4B-00C04F79EFBC}") = "FootballLeague", "FootballLeague\FootballLeague.csproj", "{123FA766-5A87-48E3-802A-A898993B1EFA}"
EndProject
Global
	GlobalSection(SolutionConfigurationPlatforms) = preSolution
		Debug|Any CPU = Debug|Any CPU
		Release|Any CPU = Release|Any CPU
	EndGlobalSection
	GlobalSection(ProjectConfigurationPlatforms) = postSolution
		{123FA766-5A87-48E3-802A-A898993B1EFA}.Debug|Any CPU.ActiveCfg = Debug|Any CPU
		{123FA766-5A87-48E3-802A-A898993B1EFA}.Debug|Any CPU.Build.0 = Debug|Any CPU
		{123FA766-5A87-48E3-802A-A898993B1EFA}.Release|Any CPU.ActiveCfg = Release|Any CPU
		{123FA766-5A87-48E3-802A-A898993B1EFA}.Release|Any CPU.Build.0 = Release|Any CPU
	EndGlobalSection
	GlobalSection(SolutionProperties) = preSolution
		HideSolutionNode = FALSE
	EndGlobalSection
	GlobalSection(ExtensibilityGlobals) = postSolution
		SolutionGuid = {546A7000-7167-4A3C-80E2-BCAC0A128657}
	EndGlobalSection
EndGlobal
